{
  "name": "@luxio-lighting/cli",
  "version": "2.0.0",
  "lockfileVersion": 2,
  "requires": true,
  "packages": {
    "": {
      "name": "@luxio-lighting/cli",
      "version": "2.0.0",
      "license": "ISC",
      "dependencies": {
        "@luxio-lighting/lib": "^2.0.0",
        "chalk": "^5.3.0",
        "cli-table": "^0.3.11",
        "commander": "^11.0.0",
        "suppress-experimental-warnings": "^1.1.17",
        "timeago.js": "^4.0.2"
      },
      "bin": {
        "luxio": "bin/luxio.mjs"
      },
      "engines": {
        "node": ">=18"
      }
    },
    "node_modules/@luxio-lighting/lib": {
      "version": "2.0.0",
      "resolved": "https://registry.npmjs.org/@luxio-lighting/lib/-/lib-2.0.0.tgz",
      "integrity": "sha512-er32Y/2r2/9+sl/+oDvMqd6My8zi5YOKJ92nq+An0bSDz1TD62vpfdCCBXmaXgvg+2/kj8uoDqGi7le3914f5g==",
      "dependencies": {
        "eventsource": "^2.0.2",
        "mdns-js": "^1.0.3"
      },
      "engines": {
        "node": ">=18"
      }
    },
    "node_modules/chalk": {
      "version": "5.3.0",
      "resolved": "https://registry.npmjs.org/chalk/-/chalk-5.3.0.tgz",
      "integrity": "sha512-dLitG79d+GV1Nb/VYcCDFivJeK1hiukt9QjRNVOsUtTy1rR1YJsmpGGTZ3qJos+uw7WmWF4wUwBd9jxjocFC2w==",
      "engines": {
        "node": "^12.17.0 || ^14.13 || >=16.0.0"
      },
      "funding": {
        "url": "https://github.com/chalk/chalk?sponsor=1"
      }
    },
    "node_modules/cli-table": {
      "version": "0.3.11",
      "resolved": "https://registry.npmjs.org/cli-table/-/cli-table-0.3.11.tgz",
      "integrity": "sha512-IqLQi4lO0nIB4tcdTpN4LCB9FI3uqrJZK7RC515EnhZ6qBaglkIgICb1wjeAqpdoOabm1+SuQtkXIPdYC93jhQ==",
      "dependencies": {
        "colors": "1.0.3"
      },
      "engines": {
        "node": ">= 0.2.0"
      }
    },
    "node_modules/colors": {
      "version": "1.0.3",
      "resolved": "https://registry.npmjs.org/colors/-/colors-1.0.3.tgz",
      "integrity": "sha512-pFGrxThWcWQ2MsAz6RtgeWe4NK2kUE1WfsrvvlctdII745EW9I0yflqhe7++M5LEc7bV2c/9/5zc8sFcpL0Drw==",
      "engines": {
        "node": ">=0.1.90"
      }
    },
    "node_modules/commander": {
      "version": "11.0.0",
      "resolved": "https://registry.npmjs.org/commander/-/commander-11.0.0.tgz",
      "integrity": "sha512-9HMlXtt/BNoYr8ooyjjNRdIilOTkVJXB+GhxMTtOKwk0R4j4lS4NpjuqmRxroBfnfTSHQIHQB7wryHhXarNjmQ==",
      "engines": {
        "node": ">=16"
      }
    },
    "node_modules/debug": {
      "version": "3.1.0",
      "resolved": "https://registry.npmjs.org/debug/-/debug-3.1.0.tgz",
      "integrity": "sha512-OX8XqP7/1a9cqkxYw2yXss15f26NKWBpDXQd0/uK/KPqdQhxbPa994hnzjcE2VqQpDslf55723cKPUOGSmMY3g==",
      "dependencies": {
        "ms": "2.0.0"
      }
    },
    "node_modules/dns-js": {
      "version": "0.2.1",
      "resolved": "https://registry.npmjs.org/dns-js/-/dns-js-0.2.1.tgz",
      "integrity": "sha512-D5ZrNcaDrDMmb6AKqnLUK+WyT4ST8lRNwfq0BpH26OAupFRtQxMNdSxq04HjXvYPQ6U7e2SPCVHWjM2vfOcRyA==",
      "dependencies": {
        "debug": "^2.1.0",
        "qap": "^3.1.2"
      },
      "engines": {
        "node": ">= 4.1.0"
      }
    },
    "node_modules/dns-js/node_modules/debug": {
      "version": "2.6.9",
      "resolved": "https://registry.npmjs.org/debug/-/debug-2.6.9.tgz",
      "integrity": "sha512-bC7ElrdJaJnPbAP+1EotYvqZsb3ecl5wi6Bfi6BJTUcNowp6cvspg0jXznRTKDjm/E7AdgFBVeAPVMNcKGsHMA==",
      "dependencies": {
        "ms": "2.0.0"
      }
    },
    "node_modules/eventsource": {
      "version": "2.0.2",
      "resolved": "https://registry.npmjs.org/eventsource/-/eventsource-2.0.2.tgz",
      "integrity": "sha512-IzUmBGPR3+oUG9dUeXynyNmf91/3zUSJg1lCktzKw47OXuhco54U3r9B7O4XX+Rb1Itm9OZ2b0RkTs10bICOxA==",
      "engines": {
        "node": ">=12.0.0"
      }
    },
    "node_modules/jiti": {
      "version": "1.20.0",
      "resolved": "https://registry.npmjs.org/jiti/-/jiti-1.20.0.tgz",
      "integrity": "sha512-3TV69ZbrvV6U5DfQimop50jE9Dl6J8O1ja1dvBbMba/sZ3YBEQqJ2VZRoQPVnhlzjNtU1vaXRZVrVjU4qtm8yA==",
      "bin": {
        "jiti": "bin/jiti.js"
      }
    },
    "node_modules/mdns-js": {
      "version": "1.0.3",
      "resolved": "https://registry.npmjs.org/mdns-js/-/mdns-js-1.0.3.tgz",
      "integrity": "sha512-+6NHS48WZ7na7jkE9PB9dRbBGvY0FvAp8nTGp3/u/05WIyq/B37OVfMppIbHyoo9D4yocJGax4Krxfz3nU7EbQ==",
      "dependencies": {
        "debug": "~3.1.0",
        "dns-js": "~0.2.1",
        "semver": "~5.4.1"
      },
      "engines": {
        "node": ">= 6.0.0"
      }
    },
    "node_modules/ms": {
      "version": "2.0.0",
      "resolved": "https://registry.npmjs.org/ms/-/ms-2.0.0.tgz",
      "integrity": "sha512-Tpp60P6IUJDTuOq/5Z8cdskzJujfwqfOTkrwIwj7IRISpnkJnT6SyJ4PCPnGMoFjC9ddhal5KVIYtAt97ix05A=="
    },
    "node_modules/qap": {
      "version": "3.3.1",
      "resolved": "https://registry.npmjs.org/qap/-/qap-3.3.1.tgz",
      "integrity": "sha512-U0MV9LRz4u19xaK4gssnwyc7XWTnFdmDGrgG9hvV6nchKeu3XeITTclugWKT9rLiLK2GvN3utSkKY90+1tEHkw==",
      "engines": {
        "node": ">=0.4.x"
      }
    },
    "node_modules/semver": {
      "version": "5.4.1",
      "resolved": "https://registry.npmjs.org/semver/-/semver-5.4.1.tgz",
      "integrity": "sha512-WfG/X9+oATh81XtllIo/I8gOiY9EXRdv1cQdyykeXK17YcUW3EXUAi2To4pcH6nZtJPr7ZOpM5OMyWJZm+8Rsg==",
      "bin": {
        "semver": "bin/semver"
      }
    },
    "node_modules/suppress-experimental-warnings": {
      "version": "1.1.17",
      "resolved": "https://registry.npmjs.org/suppress-experimental-warnings/-/suppress-experimental-warnings-1.1.17.tgz",
      "integrity": "sha512-n1huqqtVdNSTV04x0lC9gfBsCl6X+RRA10B6VTw8kQjrNbkwkU6DJB/qTbQFjO+ItYT9VbGe3NvuS4XWq5vUEQ==",
      "dependencies": {
        "jiti": "^1.18.2"
      },
      "engines": {
        "node": ">=14"
      },
      "funding": {
        "url": "https://github.com/sponsors/dword-design"
      }
    },
    "node_modules/timeago.js": {
      "version": "4.0.2",
      "resolved": "https://registry.npmjs.org/timeago.js/-/timeago.js-4.0.2.tgz",
      "integrity": "sha512-a7wPxPdVlQL7lqvitHGGRsofhdwtkoSXPGATFuSOA2i1ZNQEPLrGnj68vOp2sOJTCFAQVXPeNMX/GctBaO9L2w=="
    }
  },
  "dependencies": {
    "@luxio-lighting/lib": {
      "version": "2.0.0",
      "resolved": "https://registry.npmjs.org/@luxio-lighting/lib/-/lib-2.0.0.tgz",
      "integrity": "sha512-er32Y/2r2/9+sl/+oDvMqd6My8zi5YOKJ92nq+An0bSDz1TD62vpfdCCBXmaXgvg+2/kj8uoDqGi7le3914f5g==",
      "requires": {
        "eventsource": "^2.0.2",
        "mdns-js": "^1.0.3"
      }
    },
    "chalk": {
      "version": "5.3.0",
      "resolved": "https://registry.npmjs.org/chalk/-/chalk-5.3.0.tgz",
      "integrity": "sha512-dLitG79d+GV1Nb/VYcCDFivJeK1hiukt9QjRNVOsUtTy1rR1YJsmpGGTZ3qJos+uw7WmWF4wUwBd9jxjocFC2w=="
    },
    "cli-table": {
      "version": "0.3.11",
      "resolved": "https://registry.npmjs.org/cli-table/-/cli-table-0.3.11.tgz",
      "integrity": "sha512-IqLQi4lO0nIB4tcdTpN4LCB9FI3uqrJZK7RC515EnhZ6qBaglkIgICb1wjeAqpdoOabm1+SuQtkXIPdYC93jhQ==",
      "requires": {
        "colors": "1.0.3"
      }
    },
    "colors": {
      "version": "1.0.3",
      "resolved": "https://registry.npmjs.org/colors/-/colors-1.0.3.tgz",
      "integrity": "sha512-pFGrxThWcWQ2MsAz6RtgeWe4NK2kUE1WfsrvvlctdII745EW9I0yflqhe7++M5LEc7bV2c/9/5zc8sFcpL0Drw=="
    },
    "commander": {
      "version": "11.0.0",
      "resolved": "https://registry.npmjs.org/commander/-/commander-11.0.0.tgz",
      "integrity": "sha512-9HMlXtt/BNoYr8ooyjjNRdIilOTkVJXB+GhxMTtOKwk0R4j4lS4NpjuqmRxroBfnfTSHQIHQB7wryHhXarNjmQ=="
    },
    "debug": {
      "version": "3.1.0",
      "resolved": "https://registry.npmjs.org/debug/-/debug-3.1.0.tgz",
      "integrity": "sha512-OX8XqP7/1a9cqkxYw2yXss15f26NKWBpDXQd0/uK/KPqdQhxbPa994hnzjcE2VqQpDslf55723cKPUOGSmMY3g==",
      "requires": {
        "ms": "2.0.0"
      }
    },
    "dns-js": {
      "version": "0.2.1",
      "resolved": "https://registry.npmjs.org/dns-js/-/dns-js-0.2.1.tgz",
      "integrity": "sha512-D5ZrNcaDrDMmb6AKqnLUK+WyT4ST8lRNwfq0BpH26OAupFRtQxMNdSxq04HjXvYPQ6U7e2SPCVHWjM2vfOcRyA==",
      "requires": {
        "debug": "^2.1.0",
        "qap": "^3.1.2"
      },
      "dependencies": {
        "debug": {
          "version": "2.6.9",
          "resolved": "https://registry.npmjs.org/debug/-/debug-2.6.9.tgz",
          "integrity": "sha512-bC7ElrdJaJnPbAP+1EotYvqZsb3ecl5wi6Bfi6BJTUcNowp6cvspg0jXznRTKDjm/E7AdgFBVeAPVMNcKGsHMA==",
          "requires": {
            "ms": "2.0.0"
          }
        }
      }
    },
    "eventsource": {
      "version": "2.0.2",
      "resolved": "https://registry.npmjs.org/eventsource/-/eventsource-2.0.2.tgz",
      "integrity": "sha512-IzUmBGPR3+oUG9dUeXynyNmf91/3zUSJg1lCktzKw47OXuhco54U3r9B7O4XX+Rb1Itm9OZ2b0RkTs10bICOxA=="
    },
    "jiti": {
      "version": "1.20.0",
      "resolved": "https://registry.npmjs.org/jiti/-/jiti-1.20.0.tgz",
      "integrity": "sha512-3TV69ZbrvV6U5DfQimop50jE9Dl6J8O1ja1dvBbMba/sZ3YBEQqJ2VZRoQPVnhlzjNtU1vaXRZVrVjU4qtm8yA=="
    },
    "mdns-js": {
      "version": "1.0.3",
      "resolved": "https://registry.npmjs.org/mdns-js/-/mdns-js-1.0.3.tgz",
      "integrity": "sha512-+6NHS48WZ7na7jkE9PB9dRbBGvY0FvAp8nTGp3/u/05WIyq/B37OVfMppIbHyoo9D4yocJGax4Krxfz3nU7EbQ==",
      "requires": {
        "debug": "~3.1.0",
        "dns-js": "~0.2.1",
        "semver": "~5.4.1"
      }
    },
    "ms": {
      "version": "2.0.0",
      "resolved": "https://registry.npmjs.org/ms/-/ms-2.0.0.tgz",
      "integrity": "sha512-Tpp60P6IUJDTuOq/5Z8cdskzJujfwqfOTkrwIwj7IRISpnkJnT6SyJ4PCPnGMoFjC9ddhal5KVIYtAt97ix05A=="
    },
    "qap": {
      "version": "3.3.1",
      "resolved": "https://registry.npmjs.org/qap/-/qap-3.3.1.tgz",
      "integrity": "sha512-U0MV9LRz4u19xaK4gssnwyc7XWTnFdmDGrgG9hvV6nchKeu3XeITTclugWKT9rLiLK2GvN3utSkKY90+1tEHkw=="
    },
    "semver": {
      "version": "5.4.1",
      "resolved": "https://registry.npmjs.org/semver/-/semver-5.4.1.tgz",
      "integrity": "sha512-WfG/X9+oATh81XtllIo/I8gOiY9EXRdv1cQdyykeXK17YcUW3EXUAi2To4pcH6nZtJPr7ZOpM5OMyWJZm+8Rsg=="
    },
    "suppress-experimental-warnings": {
      "version": "1.1.17",
      "resolved": "https://registry.npmjs.org/suppress-experimental-warnings/-/suppress-experimental-warnings-1.1.17.tgz",
      "integrity": "sha512-n1huqqtVdNSTV04x0lC9gfBsCl6X+RRA10B6VTw8kQjrNbkwkU6DJB/qTbQFjO+ItYT9VbGe3NvuS4XWq5vUEQ==",
      "requires": {
        "jiti": "^1.18.2"
      }
    },
    "timeago.js": {
      "version": "4.0.2",
      "resolved": "https://registry.npmjs.org/timeago.js/-/timeago.js-4.0.2.tgz",
      "integrity": "sha512-a7wPxPdVlQL7lqvitHGGRsofhdwtkoSXPGATFuSOA2i1ZNQEPLrGnj68vOp2sOJTCFAQVXPeNMX/GctBaO9L2w=="
    }
  }
}
