{
  "name": "@luxio-lighting/cli",
  "version": "2.0.0",
  "lockfileVersion": 2,
  "requires": true,
  "packages": {
    "": {
      "name": "@luxio-lighting/cli",
      "version": "1.0.0",
      "license": "ISC",
      "dependencies": {
        "@luxio-lighting/lib": "^1.0.2",
        "chalk": "^5.3.0",
        "cli-table": "^0.3.11",
        "commander": "^11.0.0",
        "suppress-experimental-warnings": "^1.1.17",
        "timeago.js": "^4.0.2"
      },
      "bin": {
        "luxio": "bin/luxio.mjs"
      },
      "engines": {
        "node": ">=18"
      }
    },
    "node_modules/@luxio-lighting/lib": {
      "version": "1.0.2",
      "resolved": "https://registry.npmjs.org/@luxio-lighting/lib/-/lib-1.0.2.tgz",
      "integrity": "sha512-V2N4LYO5UHdvym8cV972QfN2AEactELqHy5jJGIHq4JmMrb3SjlEqWWANrxaRIxSzYiyganCIxZ8xLxZnBD1wg==",
      "dependencies": {
        "tinygradient": "^0.3.1"
      },
      "engines": {
        "node": ">=18"
      }
    },
    "node_modules/chalk": {
      "version": "5.3.0",
      "resolved": "https://registry.npmjs.org/chalk/-/chalk-5.3.0.tgz",
      "integrity": "sha512-dLitG79d+GV1Nb/VYcCDFivJeK1hiukt9QjRNVOsUtTy1rR1YJsmpGGTZ3qJos+uw7WmWF4wUwBd9jxjocFC2w==",
      "engines": {
        "node": "^12.17.0 || ^14.13 || >=16.0.0"
      },
      "funding": {
        "url": "https://github.com/chalk/chalk?sponsor=1"
      }
    },
    "node_modules/cli-table": {
      "version": "0.3.11",
      "resolved": "https://registry.npmjs.org/cli-table/-/cli-table-0.3.11.tgz",
      "integrity": "sha512-IqLQi4lO0nIB4tcdTpN4LCB9FI3uqrJZK7RC515EnhZ6qBaglkIgICb1wjeAqpdoOabm1+SuQtkXIPdYC93jhQ==",
      "dependencies": {
        "colors": "1.0.3"
      },
      "engines": {
        "node": ">= 0.2.0"
      }
    },
    "node_modules/colors": {
      "version": "1.0.3",
      "resolved": "https://registry.npmjs.org/colors/-/colors-1.0.3.tgz",
      "integrity": "sha512-pFGrxThWcWQ2MsAz6RtgeWe4NK2kUE1WfsrvvlctdII745EW9I0yflqhe7++M5LEc7bV2c/9/5zc8sFcpL0Drw==",
      "engines": {
        "node": ">=0.1.90"
      }
    },
    "node_modules/commander": {
      "version": "11.0.0",
      "resolved": "https://registry.npmjs.org/commander/-/commander-11.0.0.tgz",
      "integrity": "sha512-9HMlXtt/BNoYr8ooyjjNRdIilOTkVJXB+GhxMTtOKwk0R4j4lS4NpjuqmRxroBfnfTSHQIHQB7wryHhXarNjmQ==",
      "engines": {
        "node": ">=16"
      }
    },
    "node_modules/jiti": {
      "version": "1.20.0",
      "resolved": "https://registry.npmjs.org/jiti/-/jiti-1.20.0.tgz",
      "integrity": "sha512-3TV69ZbrvV6U5DfQimop50jE9Dl6J8O1ja1dvBbMba/sZ3YBEQqJ2VZRoQPVnhlzjNtU1vaXRZVrVjU4qtm8yA==",
      "bin": {
        "jiti": "bin/jiti.js"
      }
    },
    "node_modules/suppress-experimental-warnings": {
      "version": "1.1.17",
      "resolved": "https://registry.npmjs.org/suppress-experimental-warnings/-/suppress-experimental-warnings-1.1.17.tgz",
      "integrity": "sha512-n1huqqtVdNSTV04x0lC9gfBsCl6X+RRA10B6VTw8kQjrNbkwkU6DJB/qTbQFjO+ItYT9VbGe3NvuS4XWq5vUEQ==",
      "dependencies": {
        "jiti": "^1.18.2"
      },
      "engines": {
        "node": ">=14"
      },
      "funding": {
        "url": "https://github.com/sponsors/dword-design"
      }
    },
    "node_modules/timeago.js": {
      "version": "4.0.2",
      "resolved": "https://registry.npmjs.org/timeago.js/-/timeago.js-4.0.2.tgz",
      "integrity": "sha512-a7wPxPdVlQL7lqvitHGGRsofhdwtkoSXPGATFuSOA2i1ZNQEPLrGnj68vOp2sOJTCFAQVXPeNMX/GctBaO9L2w=="
    },
    "node_modules/tinycolor2": {
      "version": "1.6.0",
      "resolved": "https://registry.npmjs.org/tinycolor2/-/tinycolor2-1.6.0.tgz",
      "integrity": "sha512-XPaBkWQJdsf3pLKJV9p4qN/S+fm2Oj8AIPo1BTUhg5oxkvm9+SVEGFdhyOz7tTdUTfvxMiAs4sp6/eZO2Ew+pw=="
    },
    "node_modules/tinygradient": {
      "version": "0.3.1",
      "resolved": "https://registry.npmjs.org/tinygradient/-/tinygradient-0.3.1.tgz",
      "integrity": "sha512-AevTO2DHpG9f7tAWAv/GD8NguecfdvRrMqOx4L3+eV1SDVseSQqH7zRe3/vR97cksucy38e3qaYfKxBFKcgXLw==",
      "dependencies": {
        "tinycolor2": "^1.0.0"
      }
    }
  },
  "dependencies": {
    "@luxio-lighting/lib": {
      "version": "1.0.2",
      "resolved": "https://registry.npmjs.org/@luxio-lighting/lib/-/lib-1.0.2.tgz",
      "integrity": "sha512-V2N4LYO5UHdvym8cV972QfN2AEactELqHy5jJGIHq4JmMrb3SjlEqWWANrxaRIxSzYiyganCIxZ8xLxZnBD1wg==",
      "requires": {
        "tinygradient": "^0.3.1"
      }
    },
    "chalk": {
      "version": "5.3.0",
      "resolved": "https://registry.npmjs.org/chalk/-/chalk-5.3.0.tgz",
      "integrity": "sha512-dLitG79d+GV1Nb/VYcCDFivJeK1hiukt9QjRNVOsUtTy1rR1YJsmpGGTZ3qJos+uw7WmWF4wUwBd9jxjocFC2w=="
    },
    "cli-table": {
      "version": "0.3.11",
      "resolved": "https://registry.npmjs.org/cli-table/-/cli-table-0.3.11.tgz",
      "integrity": "sha512-IqLQi4lO0nIB4tcdTpN4LCB9FI3uqrJZK7RC515EnhZ6qBaglkIgICb1wjeAqpdoOabm1+SuQtkXIPdYC93jhQ==",
      "requires": {
        "colors": "1.0.3"
      }
    },
    "colors": {
      "version": "1.0.3",
      "resolved": "https://registry.npmjs.org/colors/-/colors-1.0.3.tgz",
      "integrity": "sha512-pFGrxThWcWQ2MsAz6RtgeWe4NK2kUE1WfsrvvlctdII745EW9I0yflqhe7++M5LEc7bV2c/9/5zc8sFcpL0Drw=="
    },
    "commander": {
      "version": "11.0.0",
      "resolved": "https://registry.npmjs.org/commander/-/commander-11.0.0.tgz",
      "integrity": "sha512-9HMlXtt/BNoYr8ooyjjNRdIilOTkVJXB+GhxMTtOKwk0R4j4lS4NpjuqmRxroBfnfTSHQIHQB7wryHhXarNjmQ=="
    },
    "jiti": {
      "version": "1.20.0",
      "resolved": "https://registry.npmjs.org/jiti/-/jiti-1.20.0.tgz",
      "integrity": "sha512-3TV69ZbrvV6U5DfQimop50jE9Dl6J8O1ja1dvBbMba/sZ3YBEQqJ2VZRoQPVnhlzjNtU1vaXRZVrVjU4qtm8yA=="
    },
    "suppress-experimental-warnings": {
      "version": "1.1.17",
      "resolved": "https://registry.npmjs.org/suppress-experimental-warnings/-/suppress-experimental-warnings-1.1.17.tgz",
      "integrity": "sha512-n1huqqtVdNSTV04x0lC9gfBsCl6X+RRA10B6VTw8kQjrNbkwkU6DJB/qTbQFjO+ItYT9VbGe3NvuS4XWq5vUEQ==",
      "requires": {
        "jiti": "^1.18.2"
      }
    },
    "timeago.js": {
      "version": "4.0.2",
      "resolved": "https://registry.npmjs.org/timeago.js/-/timeago.js-4.0.2.tgz",
      "integrity": "sha512-a7wPxPdVlQL7lqvitHGGRsofhdwtkoSXPGATFuSOA2i1ZNQEPLrGnj68vOp2sOJTCFAQVXPeNMX/GctBaO9L2w=="
    },
    "tinycolor2": {
      "version": "1.6.0",
      "resolved": "https://registry.npmjs.org/tinycolor2/-/tinycolor2-1.6.0.tgz",
      "integrity": "sha512-XPaBkWQJdsf3pLKJV9p4qN/S+fm2Oj8AIPo1BTUhg5oxkvm9+SVEGFdhyOz7tTdUTfvxMiAs4sp6/eZO2Ew+pw=="
    },
    "tinygradient": {
      "version": "0.3.1",
      "resolved": "https://registry.npmjs.org/tinygradient/-/tinygradient-0.3.1.tgz",
      "integrity": "sha512-AevTO2DHpG9f7tAWAv/GD8NguecfdvRrMqOx4L3+eV1SDVseSQqH7zRe3/vR97cksucy38e3qaYfKxBFKcgXLw==",
      "requires": {
        "tinycolor2": "^1.0.0"
      }
    }
  }
}